
Microsoft Visual Studio Solution File, Format Version 12.00
# Visual Studio Version 16
VisualStudioVersion = 16.0.32901.82
MinimumVisualStudioVersion = 10.0.40219.1
Project("{FAE04EC0-301F-11D3-BF4B-00C04F79EFBC}") = "Rock,paper and scissors", "Rock,paper and scissors\Rock,paper and scissors.csproj", "{12D865D2-8970-4CF6-B552-F78EF5A13A80}"
EndProject
Global
	GlobalSection(SolutionConfigurationPlatforms) = preSolution
		Debug|Any CPU = Debug|Any CPU
		Release|Any CPU = Release|Any CPU
	EndGlobalSection
	GlobalSection(ProjectConfigurationPlatforms) = postSolution
		{12D865D2-8970-4CF6-B552-F78EF5A13A80}.Debug|Any CPU.ActiveCfg = Debug|Any CPU
		{12D865D2-8970-4CF6-B552-F78EF5A13A80}.Debug|Any CPU.Build.0 = Debug|Any CPU
		{12D865D2-8970-4CF6-B552-F78EF5A13A80}.Release|Any CPU.ActiveCfg = Release|Any CPU
		{12D865D2-8970-4CF6-B552-F78EF5A13A80}.Release|Any CPU.Build.0 = Release|Any CPU
	EndGlobalSection
	GlobalSection(SolutionProperties) = preSolution
		HideSolutionNode = FALSE
	EndGlobalSection
	GlobalSection(ExtensibilityGlobals) = postSolution
		SolutionGuid = {892A5D3B-3F58-42CB-91BA-591A524B3A2C}
	EndGlobalSection
EndGlobal
